lockVersion: 2.0.0
id: 53c6ea9d-b24c-4960-9e4a-8fee54a5e23c
management:
  docChecksum: 507957bb14025bb693c72649eb2886e3
  docVersion: v1
  speakeasyVersion: internal
  generationVersion: 2.225.2
  releaseVersion: 0.2.1
  configChecksum: 6b37574f861b395cde2adb8a7245ccda
  repoURL: https://github.com/speakeasy-sdks/Context-sample-sdk.git
  repoSubDirectory: .
  installationURL: https://github.com/speakeasy-sdks/Context-sample-sdk
features:
  typescript:
    core: 3.4.1
    flattening: 2.81.1
    globalSecurity: 2.82.2
    globalServerURLs: 2.82.1
generatedFiles:
  - src/sdk/premium.ts
  - src/sdk/log.ts
  - src/sdk/sdk.ts
  - .eslintrc.yml
  - jest.config.js
  - package-lock.json
  - package.json
  - src/index.ts
  - src/internal/utils/contenttype.ts
  - src/internal/utils/headers.ts
  - src/internal/utils/index.ts
  - src/internal/utils/pathparams.ts
  - src/internal/utils/queryparams.ts
  - src/internal/utils/requestbody.ts
  - src/internal/utils/retries.ts
  - src/internal/utils/security.ts
  - src/internal/utils/utils.ts
  - src/sdk/index.ts
  - src/models/errors/sdkerror.ts
  - src/types/index.ts
  - src/types/rfcdate.ts
  - tsconfig.json
  - src/models/operations/conversation.ts
  - src/models/operations/conversationseries.ts
  - src/models/operations/conversations.ts
  - src/models/operations/estimatedcost.ts
  - src/models/operations/rating.ts
  - src/models/operations/sentiment.ts
  - src/models/operations/suggestedtopicconversations.ts
  - src/models/operations/suggestedtopicstatistics.ts
  - src/models/operations/suggestedtopics.ts
  - src/models/operations/volume.ts
  - src/models/operations/logconversation.ts
  - src/models/operations/logconversationthread.ts
  - src/models/operations/logconversationupsert.ts
  - src/models/components/conversation.ts
  - src/models/components/topic.ts
  - src/models/components/message.ts
  - src/models/components/rating.ts
  - src/models/components/pagination.ts
  - src/models/components/series.ts
  - src/models/components/topicwithsamples.ts
  - src/models/components/conversationparams.ts
  - src/models/components/messageparams.ts
  - src/models/components/threadparams.ts
  - src/models/components/security.ts
  - src/models/errors/index.ts
  - src/models/operations/index.ts
  - src/models/components/index.ts
  - docs/models/operations/conversationrequest.md
  - docs/models/operations/conversationresponse.md
  - docs/models/operations/conversationseriesrequest.md
  - docs/models/operations/conversationseriesresponsebody.md
  - docs/models/operations/conversationseriesresponse.md
  - docs/models/operations/conversationsrequest.md
  - docs/models/operations/conversationsresponsebody.md
  - docs/models/operations/conversationsresponse.md
  - docs/models/operations/estimatedcostrequest.md
  - docs/models/operations/estimatedcostresponsebody.md
  - docs/models/operations/estimatedcostresponse.md
  - docs/models/operations/ratingrequest.md
  - docs/models/operations/ratingresponsebody.md
  - docs/models/operations/ratingresponse.md
  - docs/models/operations/sentimentrequest.md
  - docs/models/operations/sentimentresponsebody.md
  - docs/models/operations/sentimentresponse.md
  - docs/models/operations/suggestedtopicconversationsrequest.md
  - docs/models/operations/statistics.md
  - docs/models/operations/suggestedtopicconversationsresponsebody.md
  - docs/models/operations/suggestedtopicconversationsresponse.md
  - docs/models/operations/suggestedtopicstatisticsrequest.md
  - docs/models/operations/suggestedtopicstatisticsresponsebody.md
  - docs/models/operations/suggestedtopicstatisticsresponse.md
  - docs/models/operations/suggestedtopicsrequest.md
  - docs/models/operations/suggestedtopicsresponsebody.md
  - docs/models/operations/suggestedtopicsresponse.md
  - docs/models/operations/volumerequest.md
  - docs/models/operations/volumeresponsebody.md
  - docs/models/operations/volumeresponse.md
  - docs/models/operations/logconversationrequestbody.md
  - docs/models/operations/logconversationrequest.md
  - docs/models/operations/logconversationresponse.md
  - docs/models/operations/logconversationthreadrequestbody.md
  - docs/models/operations/logconversationthreadrequest.md
  - docs/models/operations/data.md
  - docs/models/operations/logconversationthreadresponsebody.md
  - docs/models/operations/logconversationthreadresponse.md
  - docs/models/operations/logconversationupsertrequestbody.md
  - docs/models/operations/logconversationupsertrequest.md
  - docs/models/operations/logconversationupsertresponse.md
  - docs/models/components/sentimenttrend.md
  - docs/models/components/conversation.md
  - docs/models/components/topic.md
  - docs/models/components/role.md
  - docs/models/components/typet.md
  - docs/models/components/message.md
  - docs/models/components/rating.md
  - docs/models/components/pagination.md
  - docs/models/components/series.md
  - docs/models/components/topicwithsamples.md
  - docs/models/components/conversationparams.md
  - docs/models/components/input.md
  - docs/models/components/messageparamsrole.md
  - docs/models/components/messageparamstype.md
  - docs/models/components/messageparams.md
  - docs/models/components/threadparams.md
  - docs/models/components/security.md
  - docs/sdks/contextapi/README.md
  - docs/sdks/premium/README.md
  - docs/sdks/log/README.md
  - USAGE.md
  - .gitattributes
